{
  "requires": true,
  "lockfileVersion": 1,
  "dependencies": {
    "inputmask": {
      "version": "4.0.6",
      "resolved": "https://registry.npmjs.org/inputmask/-/inputmask-4.0.6.tgz",
      "integrity": "sha512-zHw2jO1RSTU/aoKjsVsBQF56m3SYA3IEsIZmb6anvoUBlPRMgXtKWtj/Pux7o/O8JNikGLLRN6LGBISzHRlabw=="
    }
  }
}
