{
  "requires": true,
  "lockfileVersion": 1,
  "dependencies": {
    "@fullcalendar/core": {
      "version": "4.2.0",
      "resolved": "https://registry.npmjs.org/@fullcalendar/core/-/core-4.2.0.tgz",
      "integrity": "sha512-4kd5OGHxjMtwI0gUHKwAYzmR0Z79Qf8y0ARx2Ruh20JdVy3Tznn6oKwdpkUbaXWrLXNDoXYRkBiFCIgC27VNCw=="
    },
    "@fullcalendar/daygrid": {
      "version": "4.2.0",
      "resolved": "https://registry.npmjs.org/@fullcalendar/daygrid/-/daygrid-4.2.0.tgz",
      "integrity": "sha512-9C61TowLTTZ657cErdylkdRYxXj5HO0NgogQgYX9X2wz7yvn6loiyGx6oq0o6OFf+e/Z4Ey06j7f/fqn/BPYEQ=="
    },
    "inputmask": {
      "version": "4.0.6",
      "resolved": "https://registry.npmjs.org/inputmask/-/inputmask-4.0.6.tgz",
      "integrity": "sha512-zHw2jO1RSTU/aoKjsVsBQF56m3SYA3IEsIZmb6anvoUBlPRMgXtKWtj/Pux7o/O8JNikGLLRN6LGBISzHRlabw=="
    }
  }
}
